
Microsoft Visual Studio Solution File, Format Version 12.00
# Visual Studio 15
VisualStudioVersion = 15.0.28307.102
MinimumVisualStudioVersion = 10.0.40219.1
Project("{FAE04EC0-301F-11D3-BF4B-00C04F79EFBC}") = "Northwind", "Northwind\Northwind.csproj", "{CDB54FD2-146F-456C-BB09-207975042FD5}"
EndProject
Global
	GlobalSection(SolutionConfigurationPlatforms) = preSolution
		Debug|Any CPU = Debug|Any CPU
		Release|Any CPU = Release|Any CPU
	EndGlobalSection
	GlobalSection(ProjectConfigurationPlatforms) = postSolution
		{CDB54FD2-146F-456C-BB09-207975042FD5}.Debug|Any CPU.ActiveCfg = Debug|Any CPU
		{CDB54FD2-146F-456C-BB09-207975042FD5}.Debug|Any CPU.Build.0 = Debug|Any CPU
		{CDB54FD2-146F-456C-BB09-207975042FD5}.Release|Any CPU.ActiveCfg = Release|Any CPU
		{CDB54FD2-146F-456C-BB09-207975042FD5}.Release|Any CPU.Build.0 = Release|Any CPU
	EndGlobalSection
	GlobalSection(SolutionProperties) = preSolution
		HideSolutionNode = FALSE
	EndGlobalSection
	GlobalSection(ExtensibilityGlobals) = postSolution
		SolutionGuid = {D6048D29-0411-4BF2-8878-CE1C5F6EFF3D}
	EndGlobalSection
EndGlobal
